
Microsoft Visual Studio Solution File, Format Version 12.00
# Visual Studio 15
VisualStudioVersion = 15.0.28010.2003
MinimumVisualStudioVersion = 10.0.40219.1
Project("{FAE04EC0-301F-11D3-BF4B-00C04F79EFBC}") = "Grumpy.DacpacMerge", "Grumpy.DacpacMerge\Grumpy.DacpacMerge.csproj", "{8B9684DC-0D80-4D7B-94CB-CD8357C4BDC4}"
EndProject
Project("{2150E333-8FDC-42A3-9474-1A3956D46DE8}") = "Solution Items", "Solution Items", "{EB9CB1F9-B7CB-4265-B53A-303CC0450212}"
	ProjectSection(SolutionItems) = preProject
		.gitattributes = .gitattributes
		.gitignore = .gitignore
		appveyor.yml = appveyor.yml
		LICENSE = LICENSE
		README.md = README.md
	EndProjectSection
EndProject
Project("{2150E333-8FDC-42A3-9474-1A3956D46DE8}") = "Tests", "Tests", "{73872BB7-94A9-4947-89CB-8B829A1AB617}"
EndProject
Project("{FAE04EC0-301F-11D3-BF4B-00C04F79EFBC}") = "Grumpy.DacpacMerge.UnitTests", "Grumpy.DacpacMerge.UnitTests\Grumpy.DacpacMerge.UnitTests.csproj", "{F17E1FA4-799C-43DE-A13D-8A1BF4AD7617}"
EndProject
Project("{FAE04EC0-301F-11D3-BF4B-00C04F79EFBC}") = "Grumpy.DacpacMerge.IntegrationTests", "Grumpy.DacpacMerge.IntegrationTests\Grumpy.DacpacMerge.IntegrationTests.csproj", "{DEAB2076-B47E-4BA4-BEA7-A54100EBCB38}"
EndProject
Global
	GlobalSection(SolutionConfigurationPlatforms) = preSolution
		Debug|Any CPU = Debug|Any CPU
		Release|Any CPU = Release|Any CPU
	EndGlobalSection
	GlobalSection(ProjectConfigurationPlatforms) = postSolution
		{8B9684DC-0D80-4D7B-94CB-CD8357C4BDC4}.Debug|Any CPU.ActiveCfg = Debug|Any CPU
		{8B9684DC-0D80-4D7B-94CB-CD8357C4BDC4}.Debug|Any CPU.Build.0 = Debug|Any CPU
		{8B9684DC-0D80-4D7B-94CB-CD8357C4BDC4}.Release|Any CPU.ActiveCfg = Release|Any CPU
		{8B9684DC-0D80-4D7B-94CB-CD8357C4BDC4}.Release|Any CPU.Build.0 = Release|Any CPU
		{F17E1FA4-799C-43DE-A13D-8A1BF4AD7617}.Debug|Any CPU.ActiveCfg = Debug|Any CPU
		{F17E1FA4-799C-43DE-A13D-8A1BF4AD7617}.Debug|Any CPU.Build.0 = Debug|Any CPU
		{F17E1FA4-799C-43DE-A13D-8A1BF4AD7617}.Release|Any CPU.ActiveCfg = Release|Any CPU
		{F17E1FA4-799C-43DE-A13D-8A1BF4AD7617}.Release|Any CPU.Build.0 = Release|Any CPU
		{DEAB2076-B47E-4BA4-BEA7-A54100EBCB38}.Debug|Any CPU.ActiveCfg = Debug|Any CPU
		{DEAB2076-B47E-4BA4-BEA7-A54100EBCB38}.Debug|Any CPU.Build.0 = Debug|Any CPU
		{DEAB2076-B47E-4BA4-BEA7-A54100EBCB38}.Release|Any CPU.ActiveCfg = Release|Any CPU
		{DEAB2076-B47E-4BA4-BEA7-A54100EBCB38}.Release|Any CPU.Build.0 = Release|Any CPU
	EndGlobalSection
	GlobalSection(SolutionProperties) = preSolution
		HideSolutionNode = FALSE
	EndGlobalSection
	GlobalSection(NestedProjects) = preSolution
		{F17E1FA4-799C-43DE-A13D-8A1BF4AD7617} = {73872BB7-94A9-4947-89CB-8B829A1AB617}
		{DEAB2076-B47E-4BA4-BEA7-A54100EBCB38} = {73872BB7-94A9-4947-89CB-8B829A1AB617}
	EndGlobalSection
	GlobalSection(ExtensibilityGlobals) = postSolution
		SolutionGuid = {BB46FE83-1870-4DFB-9ABF-217458A7C487}
	EndGlobalSection
EndGlobal
