
Microsoft Visual Studio Solution File, Format Version 12.00
# Visual Studio 15
VisualStudioVersion = 15.0.28010.2003
MinimumVisualStudioVersion = 10.0.40219.1
Project("{FAE04EC0-301F-11D3-BF4B-00C04F79EFBC}") = "Grumpy.DacpacMerge", "Grumpy.DacpacMerge\Grumpy.DacpacMerge.csproj", "{8B9684DC-0D80-4D7B-94CB-CD8357C4BDC4}"
EndProject
Project("{2150E333-8FDC-42A3-9474-1A3956D46DE8}") = "Solution Items", "Solution Items", "{EB9CB1F9-B7CB-4265-B53A-303CC0450212}"
	ProjectSection(SolutionItems) = preProject
		.gitattributes = .gitattributes
		.gitignore = .gitignore
		appveyor.yml = appveyor.yml
		LICENSE = LICENSE
		README.md = README.md
	EndProjectSection
EndProject
Project("{2150E333-8FDC-42A3-9474-1A3956D46DE8}") = "Tests", "Tests", "{73872BB7-94A9-4947-89CB-8B829A1AB617}"
EndProject
Project("{FAE04EC0-301F-11D3-BF4B-00C04F79EFBC}") = "Grumpy.DacpacMerge.UnitTests", "Grumpy.DacpacMerge.UnitTests\Grumpy.DacpacMerge.UnitTests.csproj", "{F17E1FA4-799C-43DE-A13D-8A1BF4AD7617}"
EndProject
Project("{FAE04EC0-301F-11D3-BF4B-00C04F79EFBC}") = "Grumpy.DacpacMerge.IntegrationTests", "Grumpy.DacpacMerge.IntegrationTests\Grumpy.DacpacMerge.IntegrationTests.csproj", "{DEAB2076-B47E-4BA4-BEA7-A54100EBCB38}"
EndProject
Project("{2150E333-8FDC-42A3-9474-1A3956D46DE8}") = "TestDatabases", "TestDatabases", "{BFA0E5EF-FE97-42ED-80FF-4B404FB883F0}"
EndProject
Project("{00D1A9C2-B5F0-4AF3-8072-F6C62B433612}") = "Grumpy.DacpacMerge.Database1", "Grumpy.DacpacMerge.Database1\Grumpy.DacpacMerge.Database1.sqlproj", "{2471AC51-7B29-438B-806F-A68C9FC964E0}"
EndProject
Project("{00D1A9C2-B5F0-4AF3-8072-F6C62B433612}") = "Grumpy.DacpacMerge.Database2", "Grumpy.DacpacMerge.Database2\Grumpy.DacpacMerge.Database2.sqlproj", "{628B0219-8586-45E0-BAC9-0BA3FFAC4B3F}"
EndProject
Project("{00D1A9C2-B5F0-4AF3-8072-F6C62B433612}") = "Grumpy.DacpacMerge.Database3", "Grumpy.DacpacMerge.Database3\Grumpy.DacpacMerge.Database3.sqlproj", "{572349B7-6048-4794-8BD4-0E81018D57BF}"
EndProject
Project("{00D1A9C2-B5F0-4AF3-8072-F6C62B433612}") = "Grumpy.DacpacMerge.Database4", "Grumpy.DacpacMerge.Database4\Grumpy.DacpacMerge.Database4.sqlproj", "{5EB25CBB-B3AD-4178-A7CF-02717BA70A10}"
EndProject
Project("{00D1A9C2-B5F0-4AF3-8072-F6C62B433612}") = "Grumpy.DacpacMerge.Database5", "Grumpy.DacpacMerge.Database5\Grumpy.DacpacMerge.Database5.sqlproj", "{DC6E8CD0-0D30-4F00-9C07-AA4E4D9A8FB6}"
EndProject
Project("{00D1A9C2-B5F0-4AF3-8072-F6C62B433612}") = "Grumpy.DacpacMerge.Database6", "Grumpy.DacpacMerge.Database6\Grumpy.DacpacMerge.Database6.sqlproj", "{C6EE69A6-25E2-4E91-9C08-C2D7F5CE0335}"
EndProject
Project("{00D1A9C2-B5F0-4AF3-8072-F6C62B433612}") = "Grumpy.DacpacMerge.Database7", "Grumpy.DacpacMerge.Database7\Grumpy.DacpacMerge.Database7.sqlproj", "{3516AAA2-9E6F-4472-A30E-B149C5FC6C26}"
EndProject
Project("{00D1A9C2-B5F0-4AF3-8072-F6C62B433612}") = "Grumpy.DacpacMerge.Database8", "Grumpy.DacpacMerge.Database8\Grumpy.DacpacMerge.Database8.sqlproj", "{45DE909C-A968-4381-B9AC-04BCA0225A79}"
EndProject
Project("{00D1A9C2-B5F0-4AF3-8072-F6C62B433612}") = "Grumpy.DacpacMerge.Database9", "Grumpy.DacpacMerge.Database9\Grumpy.DacpacMerge.Database9.sqlproj", "{F1B6F71C-58CC-413D-9D8A-A83E1F4556A3}"
EndProject
Global
	GlobalSection(SolutionConfigurationPlatforms) = preSolution
		Debug|Any CPU = Debug|Any CPU
		Release|Any CPU = Release|Any CPU
	EndGlobalSection
	GlobalSection(ProjectConfigurationPlatforms) = postSolution
		{8B9684DC-0D80-4D7B-94CB-CD8357C4BDC4}.Debug|Any CPU.ActiveCfg = Debug|Any CPU
		{8B9684DC-0D80-4D7B-94CB-CD8357C4BDC4}.Debug|Any CPU.Build.0 = Debug|Any CPU
		{8B9684DC-0D80-4D7B-94CB-CD8357C4BDC4}.Release|Any CPU.ActiveCfg = Release|Any CPU
		{8B9684DC-0D80-4D7B-94CB-CD8357C4BDC4}.Release|Any CPU.Build.0 = Release|Any CPU
		{F17E1FA4-799C-43DE-A13D-8A1BF4AD7617}.Debug|Any CPU.ActiveCfg = Debug|Any CPU
		{F17E1FA4-799C-43DE-A13D-8A1BF4AD7617}.Debug|Any CPU.Build.0 = Debug|Any CPU
		{F17E1FA4-799C-43DE-A13D-8A1BF4AD7617}.Release|Any CPU.ActiveCfg = Release|Any CPU
		{F17E1FA4-799C-43DE-A13D-8A1BF4AD7617}.Release|Any CPU.Build.0 = Release|Any CPU
		{DEAB2076-B47E-4BA4-BEA7-A54100EBCB38}.Debug|Any CPU.ActiveCfg = Debug|Any CPU
		{DEAB2076-B47E-4BA4-BEA7-A54100EBCB38}.Debug|Any CPU.Build.0 = Debug|Any CPU
		{DEAB2076-B47E-4BA4-BEA7-A54100EBCB38}.Release|Any CPU.ActiveCfg = Release|Any CPU
		{DEAB2076-B47E-4BA4-BEA7-A54100EBCB38}.Release|Any CPU.Build.0 = Release|Any CPU
		{2471AC51-7B29-438B-806F-A68C9FC964E0}.Debug|Any CPU.ActiveCfg = Debug|Any CPU
		{2471AC51-7B29-438B-806F-A68C9FC964E0}.Debug|Any CPU.Build.0 = Debug|Any CPU
		{2471AC51-7B29-438B-806F-A68C9FC964E0}.Debug|Any CPU.Deploy.0 = Debug|Any CPU
		{2471AC51-7B29-438B-806F-A68C9FC964E0}.Release|Any CPU.ActiveCfg = Release|Any CPU
		{2471AC51-7B29-438B-806F-A68C9FC964E0}.Release|Any CPU.Build.0 = Release|Any CPU
		{2471AC51-7B29-438B-806F-A68C9FC964E0}.Release|Any CPU.Deploy.0 = Release|Any CPU
		{628B0219-8586-45E0-BAC9-0BA3FFAC4B3F}.Debug|Any CPU.ActiveCfg = Debug|Any CPU
		{628B0219-8586-45E0-BAC9-0BA3FFAC4B3F}.Debug|Any CPU.Build.0 = Debug|Any CPU
		{628B0219-8586-45E0-BAC9-0BA3FFAC4B3F}.Debug|Any CPU.Deploy.0 = Debug|Any CPU
		{628B0219-8586-45E0-BAC9-0BA3FFAC4B3F}.Release|Any CPU.ActiveCfg = Release|Any CPU
		{628B0219-8586-45E0-BAC9-0BA3FFAC4B3F}.Release|Any CPU.Build.0 = Release|Any CPU
		{628B0219-8586-45E0-BAC9-0BA3FFAC4B3F}.Release|Any CPU.Deploy.0 = Release|Any CPU
		{572349B7-6048-4794-8BD4-0E81018D57BF}.Debug|Any CPU.ActiveCfg = Debug|Any CPU
		{572349B7-6048-4794-8BD4-0E81018D57BF}.Debug|Any CPU.Build.0 = Debug|Any CPU
		{572349B7-6048-4794-8BD4-0E81018D57BF}.Debug|Any CPU.Deploy.0 = Debug|Any CPU
		{572349B7-6048-4794-8BD4-0E81018D57BF}.Release|Any CPU.ActiveCfg = Release|Any CPU
		{572349B7-6048-4794-8BD4-0E81018D57BF}.Release|Any CPU.Build.0 = Release|Any CPU
		{572349B7-6048-4794-8BD4-0E81018D57BF}.Release|Any CPU.Deploy.0 = Release|Any CPU
		{5EB25CBB-B3AD-4178-A7CF-02717BA70A10}.Debug|Any CPU.ActiveCfg = Debug|Any CPU
		{5EB25CBB-B3AD-4178-A7CF-02717BA70A10}.Debug|Any CPU.Build.0 = Debug|Any CPU
		{5EB25CBB-B3AD-4178-A7CF-02717BA70A10}.Debug|Any CPU.Deploy.0 = Debug|Any CPU
		{5EB25CBB-B3AD-4178-A7CF-02717BA70A10}.Release|Any CPU.ActiveCfg = Release|Any CPU
		{5EB25CBB-B3AD-4178-A7CF-02717BA70A10}.Release|Any CPU.Build.0 = Release|Any CPU
		{5EB25CBB-B3AD-4178-A7CF-02717BA70A10}.Release|Any CPU.Deploy.0 = Release|Any CPU
		{DC6E8CD0-0D30-4F00-9C07-AA4E4D9A8FB6}.Debug|Any CPU.ActiveCfg = Debug|Any CPU
		{DC6E8CD0-0D30-4F00-9C07-AA4E4D9A8FB6}.Debug|Any CPU.Build.0 = Debug|Any CPU
		{DC6E8CD0-0D30-4F00-9C07-AA4E4D9A8FB6}.Debug|Any CPU.Deploy.0 = Debug|Any CPU
		{DC6E8CD0-0D30-4F00-9C07-AA4E4D9A8FB6}.Release|Any CPU.ActiveCfg = Release|Any CPU
		{DC6E8CD0-0D30-4F00-9C07-AA4E4D9A8FB6}.Release|Any CPU.Build.0 = Release|Any CPU
		{DC6E8CD0-0D30-4F00-9C07-AA4E4D9A8FB6}.Release|Any CPU.Deploy.0 = Release|Any CPU
		{C6EE69A6-25E2-4E91-9C08-C2D7F5CE0335}.Debug|Any CPU.ActiveCfg = Debug|Any CPU
		{C6EE69A6-25E2-4E91-9C08-C2D7F5CE0335}.Debug|Any CPU.Build.0 = Debug|Any CPU
		{C6EE69A6-25E2-4E91-9C08-C2D7F5CE0335}.Debug|Any CPU.Deploy.0 = Debug|Any CPU
		{C6EE69A6-25E2-4E91-9C08-C2D7F5CE0335}.Release|Any CPU.ActiveCfg = Release|Any CPU
		{C6EE69A6-25E2-4E91-9C08-C2D7F5CE0335}.Release|Any CPU.Build.0 = Release|Any CPU
		{C6EE69A6-25E2-4E91-9C08-C2D7F5CE0335}.Release|Any CPU.Deploy.0 = Release|Any CPU
		{3516AAA2-9E6F-4472-A30E-B149C5FC6C26}.Debug|Any CPU.ActiveCfg = Debug|Any CPU
		{3516AAA2-9E6F-4472-A30E-B149C5FC6C26}.Debug|Any CPU.Build.0 = Debug|Any CPU
		{3516AAA2-9E6F-4472-A30E-B149C5FC6C26}.Debug|Any CPU.Deploy.0 = Debug|Any CPU
		{3516AAA2-9E6F-4472-A30E-B149C5FC6C26}.Release|Any CPU.ActiveCfg = Release|Any CPU
		{3516AAA2-9E6F-4472-A30E-B149C5FC6C26}.Release|Any CPU.Build.0 = Release|Any CPU
		{3516AAA2-9E6F-4472-A30E-B149C5FC6C26}.Release|Any CPU.Deploy.0 = Release|Any CPU
		{45DE909C-A968-4381-B9AC-04BCA0225A79}.Debug|Any CPU.ActiveCfg = Debug|Any CPU
		{45DE909C-A968-4381-B9AC-04BCA0225A79}.Debug|Any CPU.Build.0 = Debug|Any CPU
		{45DE909C-A968-4381-B9AC-04BCA0225A79}.Debug|Any CPU.Deploy.0 = Debug|Any CPU
		{45DE909C-A968-4381-B9AC-04BCA0225A79}.Release|Any CPU.ActiveCfg = Release|Any CPU
		{45DE909C-A968-4381-B9AC-04BCA0225A79}.Release|Any CPU.Build.0 = Release|Any CPU
		{45DE909C-A968-4381-B9AC-04BCA0225A79}.Release|Any CPU.Deploy.0 = Release|Any CPU
		{F1B6F71C-58CC-413D-9D8A-A83E1F4556A3}.Debug|Any CPU.ActiveCfg = Debug|Any CPU
		{F1B6F71C-58CC-413D-9D8A-A83E1F4556A3}.Debug|Any CPU.Build.0 = Debug|Any CPU
		{F1B6F71C-58CC-413D-9D8A-A83E1F4556A3}.Debug|Any CPU.Deploy.0 = Debug|Any CPU
		{F1B6F71C-58CC-413D-9D8A-A83E1F4556A3}.Release|Any CPU.ActiveCfg = Release|Any CPU
		{F1B6F71C-58CC-413D-9D8A-A83E1F4556A3}.Release|Any CPU.Build.0 = Release|Any CPU
		{F1B6F71C-58CC-413D-9D8A-A83E1F4556A3}.Release|Any CPU.Deploy.0 = Release|Any CPU
	EndGlobalSection
	GlobalSection(SolutionProperties) = preSolution
		HideSolutionNode = FALSE
	EndGlobalSection
	GlobalSection(NestedProjects) = preSolution
		{F17E1FA4-799C-43DE-A13D-8A1BF4AD7617} = {73872BB7-94A9-4947-89CB-8B829A1AB617}
		{DEAB2076-B47E-4BA4-BEA7-A54100EBCB38} = {73872BB7-94A9-4947-89CB-8B829A1AB617}
		{2471AC51-7B29-438B-806F-A68C9FC964E0} = {BFA0E5EF-FE97-42ED-80FF-4B404FB883F0}
		{628B0219-8586-45E0-BAC9-0BA3FFAC4B3F} = {BFA0E5EF-FE97-42ED-80FF-4B404FB883F0}
		{572349B7-6048-4794-8BD4-0E81018D57BF} = {BFA0E5EF-FE97-42ED-80FF-4B404FB883F0}
		{5EB25CBB-B3AD-4178-A7CF-02717BA70A10} = {BFA0E5EF-FE97-42ED-80FF-4B404FB883F0}
		{DC6E8CD0-0D30-4F00-9C07-AA4E4D9A8FB6} = {BFA0E5EF-FE97-42ED-80FF-4B404FB883F0}
		{C6EE69A6-25E2-4E91-9C08-C2D7F5CE0335} = {BFA0E5EF-FE97-42ED-80FF-4B404FB883F0}
		{3516AAA2-9E6F-4472-A30E-B149C5FC6C26} = {BFA0E5EF-FE97-42ED-80FF-4B404FB883F0}
		{45DE909C-A968-4381-B9AC-04BCA0225A79} = {BFA0E5EF-FE97-42ED-80FF-4B404FB883F0}
		{F1B6F71C-58CC-413D-9D8A-A83E1F4556A3} = {BFA0E5EF-FE97-42ED-80FF-4B404FB883F0}
	EndGlobalSection
	GlobalSection(ExtensibilityGlobals) = postSolution
		SolutionGuid = {BB46FE83-1870-4DFB-9ABF-217458A7C487}
	EndGlobalSection
EndGlobal
